{
  "name": "save notes project",
  "lockfileVersion": 3,
  "requires": true,
  "packages": {
    "": {
      "dependencies": {
        "@pdftron/webviewer": "^11.2.0"
      }
    },
    "node_modules/@pdftron/webviewer": {
      "version": "11.2.0",
      "resolved": "https://registry.npmjs.org/@pdftron/webviewer/-/webviewer-11.2.0.tgz",
      "integrity": "sha512-ZAbnNCig70tPZHD8ZArpt/1+vNLdmCMfoDAfr3yLNO6POAGjh01rtAen+bmzadBxYELBAaPKvOkaYhkDYquH4w=="
    }
  }
}
